schema: '2.0'
stages:
  preprocess:
    cmd: python3 preprocess_dataset.py
    deps:
    - path: preprocess_dataset.py
      hash: md5
      md5: a6fd1e1f87d4863b52acdcbb6dd77d13
      size: 3464
    - path: raw_dataset/weather.csv
      hash: md5
      md5: e602b116f50269aa781c0c910cd80db9
      size: 2701130
    - path: utils_and_constants.py
      hash: md5
      md5: 7bb60a1e77b92dd82bea4b1eb8887cbe
      size: 1560
    outs:
    - path: processed_dataset/weather.csv
      hash: md5
      md5: 1dea080f8f73483cabd710f788ba0143
      size: 10501985
  train:
    cmd: python3 train.py
    deps:
    - path: metrics_and_plots.py
      hash: md5
      md5: 68673e630a07bbfd82327ad155cba9e7
      size: 992
    - path: model.py
      hash: md5
      md5: 8ebcde4f2b53a880245c4267906e19b0
      size: 1032
    - path: processed_dataset/weather.csv
      hash: md5
      md5: 1dea080f8f73483cabd710f788ba0143
      size: 10501985
    - path: train.py
      hash: md5
      md5: b7d4278d6c3a17a5650c470c9de2c9d9
      size: 977
    - path: utils_and_constants.py
      hash: md5
      md5: 7bb60a1e77b92dd82bea4b1eb8887cbe
      size: 1560
    outs:
    - path: metrics.json
      hash: md5
      md5: 4ea2f49411478deeb4c30942b9205751
      size: 76
    - path: predictions.csv
      hash: md5
      md5: 7d13e304b7210349a6c715ac48d95fb4
      size: 25027
    - path: roc_curve.csv
      hash: md5
      md5: de37fe8b7e9331d50d5d6cbd465c10ec
      size: 213
  hp_tune:
    cmd: python3 hp_tuning.py
    deps:
    - path: hp_config.json
      hash: md5
      md5: 6abe91338281f185a1a2543317e44487
      size: 92
    - path: hp_tuning.py
      hash: md5
      md5: 63ee50cd67cf2cc0949e0a9b7a9153c2
      size: 1232
    - path: processed_dataset/weather.csv
      hash: md5
      md5: 1dea080f8f73483cabd710f788ba0143
      size: 10501985
    - path: utils_and_constants.py
      hash: md5
      md5: 7bb60a1e77b92dd82bea4b1eb8887cbe
      size: 1560
    outs:
    - path: hp_tuning_results.md
      hash: md5
      md5: e16fda0df241b9a2965d996d175d0575
      size: 1198
